{
  "name": "@d3vision/socket.io-rate-limiter",
  "version": "1.0.1",
  "lockfileVersion": 3,
  "requires": true,
  "packages": {
    "": {
      "name": "@d3vision/socket.io-rate-limiter",
      "version": "1.0.1",
      "license": "MIT",
      "dependencies": {
        "@d3vision/ip-token-bucket": "^1.0.1"
      }
    },
    "node_modules/@d3vision/ip-token-bucket": {
      "version": "1.0.1",
      "resolved": "https://registry.npmjs.org/@d3vision/ip-token-bucket/-/ip-token-bucket-1.0.1.tgz",
      "integrity": "sha512-biHaY95U5i4lAoJ7PpCAeh9t5iuBG1CcjQw7DW2hofVLNQhbzZduIM09N6LCmbAJ20yghIHVx4lMRzG4GRpyNQ=="
    }
  }
}
